
Microsoft Visual Studio Solution File, Format Version 12.00
# Visual Studio Version 16
VisualStudioVersion = 16.0.29020.237
MinimumVisualStudioVersion = 10.0.40219.1
Project("{FAE04EC0-301F-11D3-BF4B-00C04F79EFBC}") = "uGraph.Test.Ui", "Test\Ui\uGraph.Test.Ui.csproj", "{82C231E6-07CE-4F43-8A83-46D92FE35C1C}"
EndProject
Project("{2150E333-8FDC-42A3-9474-1A3956D46DE8}") = "Our.Umbraco.uGraph.Test", "Our.Umbraco.uGraph.Test", "{33306146-6656-404B-909D-CA8203F3ED30}"
EndProject
Project("{FAE04EC0-301F-11D3-BF4B-00C04F79EFBC}") = "Our.Umbraco.uGraph.BackOffice", "BackOffice\Our.Umbraco.uGraph.BackOffice.csproj", "{86B93536-C29B-47A8-B2E9-F86FBEFFDC46}"
EndProject
Global
	GlobalSection(SolutionConfigurationPlatforms) = preSolution
		Debug|Any CPU = Debug|Any CPU
		Release|Any CPU = Release|Any CPU
	EndGlobalSection
	GlobalSection(ProjectConfigurationPlatforms) = postSolution
		{82C231E6-07CE-4F43-8A83-46D92FE35C1C}.Debug|Any CPU.ActiveCfg = Debug|Any CPU
		{82C231E6-07CE-4F43-8A83-46D92FE35C1C}.Debug|Any CPU.Build.0 = Debug|Any CPU
		{82C231E6-07CE-4F43-8A83-46D92FE35C1C}.Release|Any CPU.ActiveCfg = Release|Any CPU
		{82C231E6-07CE-4F43-8A83-46D92FE35C1C}.Release|Any CPU.Build.0 = Release|Any CPU
		{86B93536-C29B-47A8-B2E9-F86FBEFFDC46}.Debug|Any CPU.ActiveCfg = Debug|Any CPU
		{86B93536-C29B-47A8-B2E9-F86FBEFFDC46}.Debug|Any CPU.Build.0 = Debug|Any CPU
		{86B93536-C29B-47A8-B2E9-F86FBEFFDC46}.Release|Any CPU.ActiveCfg = Release|Any CPU
		{86B93536-C29B-47A8-B2E9-F86FBEFFDC46}.Release|Any CPU.Build.0 = Release|Any CPU
	EndGlobalSection
	GlobalSection(SolutionProperties) = preSolution
		HideSolutionNode = FALSE
	EndGlobalSection
	GlobalSection(NestedProjects) = preSolution
		{82C231E6-07CE-4F43-8A83-46D92FE35C1C} = {33306146-6656-404B-909D-CA8203F3ED30}
	EndGlobalSection
	GlobalSection(ExtensibilityGlobals) = postSolution
		SolutionGuid = {F8131D31-48D4-41C0-A8B2-CFC9C7B82028}
	EndGlobalSection
EndGlobal
